{
  "name": "hn-cli-reader",
  "version": "2.0.7",
  "lockfileVersion": 3,
  "requires": true,
  "packages": {
    "": {
      "name": "hn-cli-reader",
      "version": "2.0.7",
      "hasInstallScript": true,
      "license": "MIT",
      "bin": {
        "hn-cli-reader": "index.js"
      }
    }
  }
}
